// !$*UTF8*$!
{
	archiveVersion = 1;
	classes = {
	};
	objectVersion = 46;
	objects = {

/* Begin PBXBuildFile section */
		440342D01AFA2E540071F18F /* main.m in Sources */ = {isa = PBXBuildFile; fileRef = 440342CF1AFA2E540071F18F /* main.m */; };
		440342D31AFA2E540071F18F /* AppDelegate.m in Sources */ = {isa = PBXBuildFile; fileRef = 440342D21AFA2E540071F18F /* AppDelegate.m */; };
		440342D61AFA2E540071F18F /* ViewController.m in Sources */ = {isa = PBXBuildFile; fileRef = 440342D51AFA2E540071F18F /* ViewController.m */; };
		440342D91AFA2E540071F18F /* Main.storyboard in Resources */ = {isa = PBXBuildFile; fileRef = 440342D71AFA2E540071F18F /* Main.storyboard */; };
		440342DB1AFA2E540071F18F /* Images.xcassets in Resources */ = {isa = PBXBuildFile; fileRef = 440342DA1AFA2E540071F18F /* Images.xcassets */; };
		440342DE1AFA2E540071F18F /* LaunchScreen.xib in Resources */ = {isa = PBXBuildFile; fileRef = 440342DC1AFA2E540071F18F /* LaunchScreen.xib */; };
		440342EA1AFA2E540071F18F /* StoryBoard101Tests.m in Sources */ = {isa = PBXBuildFile; fileRef = 440342E91AFA2E540071F18F /* StoryBoard101Tests.m */; };
		440342F51AFA6A440071F18F /* spiderman.jpg in Resources */ = {isa = PBXBuildFile; fileRef = 440342F31AFA6A440071F18F /* spiderman.jpg */; };
/* End PBXBuildFile section */

/* Begin PBXContainerItemProxy section */
		440342E41AFA2E540071F18F /* PBXContainerItemProxy */ = {
			isa = PBXContainerItemProxy;
			containerPortal = 440342C21AFA2E540071F18F /* Project object */;
			proxyType = 1;
			remoteGlobalIDString = 440342C91AFA2E540071F18F;
			remoteInfo = StoryBoard101;
		};
/* End PBXContainerItemProxy section */

/* Begin PBXFileReference section */
		440342CA1AFA2E540071F18F /* StoryBoard101.app */ = {isa = PBXFileReference; explicitFileType = wrapper.application; includeInIndex = 0; path = StoryBoard101.app; sourceTree = BUILT_PRODUCTS_DIR; };
		440342CE1AFA2E540071F18F /* Info.plist */ = {isa = PBXFileReference; lastKnownFileType = text.plist.xml; path = Info.plist; sourceTree = "<group>"; };
		440342CF1AFA2E540071F18F /* main.m */ = {isa = PBXFileReference; lastKnownFileType = sourcecode.c.objc; path = main.m; sourceTree = "<group>"; };
		440342D11AFA2E540071F18F /* AppDelegate.h */ = {isa = PBXFileReference; lastKnownFileType = sourcecode.c.h; path = AppDelegate.h; sourceTree = "<group>"; };
		440342D21AFA2E540071F18F /* AppDelegate.m */ = {isa = PBXFileReference; lastKnownFileType = sourcecode.c.objc; path = AppDelegate.m; sourceTree = "<group>"; };
		440342D41AFA2E540071F18F /* ViewController.h */ = {isa = PBXFileReference; lastKnownFileType = sourcecode.c.h; path = ViewController.h; sourceTree = "<group>"; };
		440342D51AFA2E540071F18F /* ViewController.m */ = {isa = PBXFileReference; lastKnownFileType = sourcecode.c.objc; path = ViewController.m; sourceTree = "<group>"; };
		440342D81AFA2E540071F18F /* Base */ = {isa = PBXFileReference; lastKnownFileType = file.storyboard; name = Base; path = Base.lproj/Main.storyboard; sourceTree = "<group>"; };
		440342DA1AFA2E540071F18F /* Images.xcassets */ = {isa = PBXFileReference; lastKnownFileType = folder.assetcatalog; path = Images.xcassets; sourceTree = "<group>"; };
		440342DD1AFA2E540071F18F /* Base */ = {isa = PBXFileReference; lastKnownFileType = file.xib; name = Base; path = Base.lproj/LaunchScreen.xib; sourceTree = "<group>"; };
		440342E31AFA2E540071F18F /* StoryBoard101Tests.xctest */ = {isa = PBXFileReference; explicitFileType = wrapper.cfbundle; includeInIndex = 0; path = StoryBoard101Tests.xctest; sourceTree = BUILT_PRODUCTS_DIR; };
		440342E81AFA2E540071F18F /* Info.plist */ = {isa = PBXFileReference; lastKnownFileType = text.plist.xml; path = Info.plist; sourceTree = "<group>"; };
		440342E91AFA2E540071F18F /* StoryBoard101Tests.m */ = {isa = PBXFileReference; lastKnownFileType = sourcecode.c.objc; path = StoryBoard101Tests.m; sourceTree = "<group>"; };
		440342F31AFA6A440071F18F /* spiderman.jpg */ = {isa = PBXFileReference; lastKnownFileType = image.jpeg; name = spiderman.jpg; path = ../StoryBoard101/resources/spiderman.jpg; sourceTree = "<group>"; };
/* End PBXFileReference section */

/* Begin PBXFrameworksBuildPhase section */
		440342C71AFA2E540071F18F /* Frameworks */ = {
			isa = PBXFrameworksBuildPhase;
			buildActionMask = 2147483647;
			files = (
			);
			runOnlyForDeploymentPostprocessing = 0;
		};
		440342E01AFA2E540071F18F /* Frameworks */ = {
			isa = PBXFrameworksBuildPhase;
			buildActionMask = 2147483647;
			files = (
			);
			runOnlyForDeploymentPostprocessing = 0;
		};
/* End PBXFrameworksBuildPhase section */

/* Begin PBXGroup section */
		440342C11AFA2E540071F18F = {
			isa = PBXGroup;
			children = (
				440342CC1AFA2E540071F18F /* StoryBoard101 */,
				440342E61AFA2E540071F18F /* StoryBoard101Tests */,
				440342CB1AFA2E540071F18F /* Products */,
				440342F41AFA6A440071F18F /* Resources */,
			);
			sourceTree = "<group>";
		};
		440342CB1AFA2E540071F18F /* Products */ = {
			isa = PBXGroup;
			children = (
				440342CA1AFA2E540071F18F /* StoryBoard101.app */,
				440342E31AFA2E540071F18F /* StoryBoard101Tests.xctest */,
			);
			name = Products;
			sourceTree = "<group>";
		};
		440342CC1AFA2E540071F18F /* StoryBoard101 */ = {
			isa = PBXGroup;
			children = (
				440342D11AFA2E540071F18F /* AppDelegate.h */,
				440342D21AFA2E540071F18F /* AppDelegate.m */,
				440342D41AFA2E540071F18F /* ViewController.h */,
				440342D51AFA2E540071F18F /* ViewController.m */,
				440342D71AFA2E540071F18F /* Main.storyboard */,
				440342DA1AFA2E540071F18F /* Images.xcassets */,
				440342DC1AFA2E540071F18F /* LaunchScreen.xib */,
				440342CD1AFA2E540071F18F /* Supporting Files */,
			);
			path = StoryBoard101;
			sourceTree = "<group>";
		};
		440342CD1AFA2E540071F18F /* Supporting Files */ = {
			isa = PBXGroup;
			children = (
				440342CE1AFA2E540071F18F /* Info.plist */,
				440342CF1AFA2E540071F18F /* main.m */,
			);
			name = "Supporting Files";
			sourceTree = "<group>";
		};
		440342E61AFA2E540071F18F /* StoryBoard101Tests */ = {
			isa = PBXGroup;
			children = (
				440342E91AFA2E540071F18F /* StoryBoard101Tests.m */,
				440342E71AFA2E540071F18F /* Supporting Files */,
			);
			path = StoryBoard101Tests;
			sourceTree = "<group>";
		};
		440342E71AFA2E540071F18F /* Supporting Files */ = {
			isa = PBXGroup;
			children = (
				440342E81AFA2E540071F18F /* Info.plist */,
			);
			name = "Supporting Files";
			sourceTree = "<group>";
		};
		440342F41AFA6A440071F18F /* Resources */ = {
			isa = PBXGroup;
			children = (
				440342F31AFA6A440071F18F /* spiderman.jpg */,
			);
			name = Resources;
			path = StoryBoard101.xcodeproj;
			sourceTree = "<group>";
		};
/* End PBXGroup section */

/* Begin PBXNativeTarget section */
		440342C91AFA2E540071F18F /* StoryBoard101 */ = {
			isa = PBXNativeTarget;
			buildConfigurationList = 440342ED1AFA2E540071F18F /* Build configuration list for PBXNativeTarget "StoryBoard101" */;
			buildPhases = (
				440342C61AFA2E540071F18F /* Sources */,
				440342C71AFA2E540071F18F /* Frameworks */,
				440342C81AFA2E540071F18F /* Resources */,
			);
			buildRules = (
			);
			dependencies = (
			);
			name = StoryBoard101;
			productName = StoryBoard101;
			productReference = 440342CA1AFA2E540071F18F /* StoryBoard101.app */;
			productType = "com.apple.product-type.application";
		};
		440342E21AFA2E540071F18F /* StoryBoard101Tests */ = {
			isa = PBXNativeTarget;
			buildConfigurationList = 440342F01AFA2E540071F18F /* Build configuration list for PBXNativeTarget "StoryBoard101Tests" */;
			buildPhases = (
				440342DF1AFA2E540071F18F /* Sources */,
				440342E01AFA2E540071F18F /* Frameworks */,
				440342E11AFA2E540071F18F /* Resources */,
			);
			buildRules = (
			);
			dependencies = (
				440342E51AFA2E540071F18F /* PBXTargetDependency */,
			);
			name = StoryBoard101Tests;
			productName = StoryBoard101Tests;
			productReference = 440342E31AFA2E540071F18F /* StoryBoard101Tests.xctest */;
			productType = "com.apple.product-type.bundle.unit-test";
		};
/* End PBXNativeTarget section */

/* Begin PBXProject section */
		440342C21AFA2E540071F18F /* Project object */ = {
			isa = PBXProject;
			attributes = {
				LastUpgradeCheck = 0630;
				ORGANIZATIONNAME = anand;
				TargetAttributes = {
					440342C91AFA2E540071F18F = {
						CreatedOnToolsVersion = 6.3.1;
					};
					440342E21AFA2E540071F18F = {
						CreatedOnToolsVersion = 6.3.1;
						TestTargetID = 440342C91AFA2E540071F18F;
					};
				};
			};
			buildConfigurationList = 440342C51AFA2E540071F18F /* Build configuration list for PBXProject "StoryBoard101" */;
			compatibilityVersion = "Xcode 3.2";
			developmentRegion = English;
			hasScannedForEncodings = 0;
			knownRegions = (
				en,
				Base,
			);
			mainGroup = 440342C11AFA2E540071F18F;
			productRefGroup = 440342CB1AFA2E540071F18F /* Products */;
			projectDirPath = "";
			projectRoot = "";
			targets = (
				440342C91AFA2E540071F18F /* StoryBoard101 */,
				440342E21AFA2E540071F18F /* StoryBoard101Tests */,
			);
		};
/* End PBXProject section */

/* Begin PBXResourcesBuildPhase section */
		440342C81AFA2E540071F18F /* Resources */ = {
			isa = PBXResourcesBuildPhase;
			buildActionMask = 2147483647;
			files = (
				440342D91AFA2E540071F18F /* Main.storyboard in Resources */,
				440342DE1AFA2E540071F18F /* LaunchScreen.xib in Resources */,
				440342DB1AFA2E540071F18F /* Images.xcassets in Resources */,
				440342F51AFA6A440071F18F /* spiderman.jpg in Resources */,
			);
			runOnlyForDeploymentPostprocessing = 0;
		};
		440342E11AFA2E540071F18F /* Resources */ = {
			isa = PBXResourcesBuildPhase;
			buildActionMask = 2147483647;
			files = (
			);
			runOnlyForDeploymentPostprocessing = 0;
		};
/* End PBXResourcesBuildPhase section */

/* Begin PBXSourcesBuildPhase section */
		440342C61AFA2E540071F18F /* Sources */ = {
			isa = PBXSourcesBuildPhase;
			buildActionMask = 2147483647;
			files = (
				440342D61AFA2E540071F18F /* ViewController.m in Sources */,
				440342D31AFA2E540071F18F /* AppDelegate.m in Sources */,
				440342D01AFA2E540071F18F /* main.m in Sources */,
			);
			runOnlyForDeploymentPostprocessing = 0;
		};
		440342DF1AFA2E540071F18F /* Sources */ = {
			isa = PBXSourcesBuildPhase;
			buildActionMask = 2147483647;
			files = (
				440342EA1AFA2E540071F18F /* StoryBoard101Tests.m in Sources */,
			);
			runOnlyForDeploymentPostprocessing = 0;
		};
/* End PBXSourcesBuildPhase section */

/* Begin PBXTargetDependency section */
		440342E51AFA2E540071F18F /* PBXTargetDependency */ = {
			isa = PBXTargetDependency;
			target = 440342C91AFA2E540071F18F /* StoryBoard101 */;
			targetProxy = 440342E41AFA2E540071F18F /* PBXContainerItemProxy */;
		};
/* End PBXTargetDependency section */

/* Begin PBXVariantGroup section */
		440342D71AFA2E540071F18F /* Main.storyboard */ = {
			isa = PBXVariantGroup;
			children = (
				440342D81AFA2E540071F18F /* Base */,
			);
			name = Main.storyboard;
			sourceTree = "<group>";
		};
		440342DC1AFA2E540071F18F /* LaunchScreen.xib */ = {
			isa = PBXVariantGroup;
			children = (
				440342DD1AFA2E540071F18F /* Base */,
			);
			name = LaunchScreen.xib;
			sourceTree = "<group>";
		};
/* End PBXVariantGroup section */

/* Begin XCBuildConfiguration section */
		440342EB1AFA2E540071F18F /* Debug */ = {
			isa = XCBuildConfiguration;
			buildSettings = {
				ALWAYS_SEARCH_USER_PATHS = NO;
				CLANG_CXX_LANGUAGE_STANDARD = "gnu++0x";
				CLANG_CXX_LIBRARY = "libc++";
				CLANG_ENABLE_MODULES = YES;
				CLANG_ENABLE_OBJC_ARC = YES;
				CLANG_WARN_BOOL_CONVERSION = YES;
				CLANG_WARN_CONSTANT_CONVERSION = YES;
				CLANG_WARN_DIRECT_OBJC_ISA_USAGE = YES_ERROR;
				CLANG_WARN_EMPTY_BODY = YES;
				CLANG_WARN_ENUM_CONVERSION = YES;
				CLANG_WARN_INT_CONVERSION = YES;
				CLANG_WARN_OBJC_ROOT_CLASS = YES_ERROR;
				CLANG_WARN_UNREACHABLE_CODE = YES;
				CLANG_WARN__DUPLICATE_METHOD_MATCH = YES;
				"CODE_SIGN_IDENTITY[sdk=iphoneos*]" = "iPhone Developer";
				COPY_PHASE_STRIP = NO;
				DEBUG_INFORMATION_FORMAT = "dwarf-with-dsym";
				ENABLE_STRICT_OBJC_MSGSEND = YES;
				GCC_C_LANGUAGE_STANDARD = gnu99;
				GCC_DYNAMIC_NO_PIC = NO;
				GCC_NO_COMMON_BLOCKS = YES;
				GCC_OPTIMIZATION_LEVEL = 0;
				GCC_PREPROCESSOR_DEFINITIONS = (
					"DEBUG=1",
					"$(inherited)",
				);
				GCC_SYMBOLS_PRIVATE_EXTERN = NO;
				GCC_WARN_64_TO_32_BIT_CONVERSION = YES;
				GCC_WARN_ABOUT_RETURN_TYPE = YES_ERROR;
				GCC_WARN_UNDECLARED_SELECTOR = YES;
				GCC_WARN_UNINITIALIZED_AUTOS = YES_AGGRESSIVE;
				GCC_WARN_UNUSED_FUNCTION = YES;
				GCC_WARN_UNUSED_VARIABLE = YES;
				IPHONEOS_DEPLOYMENT_TARGET = 8.3;
				MTL_ENABLE_DEBUG_INFO = YES;
				ONLY_ACTIVE_ARCH = YES;
				SDKROOT = iphoneos;
			};
			name = Debug;
		};
		440342EC1AFA2E540071F18F /* Release */ = {
			isa = XCBuildConfiguration;
			buildSettings = {
				ALWAYS_SEARCH_USER_PATHS = NO;
				CLANG_CXX_LANGUAGE_STANDARD = "gnu++0x";
				CLANG_CXX_LIBRARY = "libc++";
				CLANG_ENABLE_MODULES = YES;
				CLANG_ENABLE_OBJC_ARC = YES;
				CLANG_WARN_BOOL_CONVERSION = YES;
				CLANG_WARN_CONSTANT_CONVERSION = YES;
				CLANG_WARN_DIRECT_OBJC_ISA_USAGE = YES_ERROR;
				CLANG_WARN_EMPTY_BODY = YES;
				CLANG_WARN_ENUM_CONVERSION = YES;
				CLANG_WARN_INT_CONVERSION = YES;
				CLANG_WARN_OBJC_ROOT_CLASS = YES_ERROR;
				CLANG_WARN_UNREACHABLE_CODE = YES;
				CLANG_WARN__DUPLICATE_METHOD_MATCH = YES;
				"CODE_SIGN_IDENTITY[sdk=iphoneos*]" = "iPhone Developer";
				COPY_PHASE_STRIP = NO;
				DEBUG_INFORMATION_FORMAT = "dwarf-with-dsym";
				ENABLE_NS_ASSERTIONS = NO;
				ENABLE_STRICT_OBJC_MSGSEND = YES;
				GCC_C_LANGUAGE_STANDARD = gnu99;
				GCC_NO_COMMON_BLOCKS = YES;
				GCC_WARN_64_TO_32_BIT_CONVERSION = YES;
				GCC_WARN_ABOUT_RETURN_TYPE = YES_ERROR;
				GCC_WARN_UNDECLARED_SELECTOR = YES;
				GCC_WARN_UNINITIALIZED_AUTOS = YES_AGGRESSIVE;
				GCC_WARN_UNUSED_FUNCTION = YES;
				GCC_WARN_UNUSED_VARIABLE = YES;
				IPHONEOS_DEPLOYMENT_TARGET = 8.3;
				MTL_ENABLE_DEBUG_INFO = NO;
				SDKROOT = iphoneos;
				VALIDATE_PRODUCT = YES;
			};
			name = Release;
		};
		440342EE1AFA2E540071F18F /* Debug */ = {
			isa = XCBuildConfiguration;
			buildSettings = {
				ASSETCATALOG_COMPILER_APPICON_NAME = AppIcon;
				INFOPLIST_FILE = StoryBoard101/Info.plist;
				LD_RUNPATH_SEARCH_PATHS = "$(inherited) @executable_path/Frameworks";
				PRODUCT_NAME = "$(TARGET_NAME)";
			};
			name = Debug;
		};
		440342EF1AFA2E540071F18F /* Release */ = {
			isa = XCBuildConfiguration;
			buildSettings = {
				ASSETCATALOG_COMPILER_APPICON_NAME = AppIcon;
				INFOPLIST_FILE = StoryBoard101/Info.plist;
				LD_RUNPATH_SEARCH_PATHS = "$(inherited) @executable_path/Frameworks";
				PRODUCT_NAME = "$(TARGET_NAME)";
			};
			name = Release;
		};
		440342F11AFA2E540071F18F /* Debug */ = {
			isa = XCBuildConfiguration;
			buildSettings = {
				BUNDLE_LOADER = "$(TEST_HOST)";
				FRAMEWORK_SEARCH_PATHS = (
					"$(SDKROOT)/Developer/Library/Frameworks",
					"$(inherited)",
				);
				GCC_PREPROCESSOR_DEFINITIONS = (
					"DEBUG=1",
					"$(inherited)",
				);
				INFOPLIST_FILE = StoryBoard101Tests/Info.plist;
				LD_RUNPATH_SEARCH_PATHS = "$(inherited) @executable_path/Frameworks @loader_path/Frameworks";
				PRODUCT_NAME = "$(TARGET_NAME)";
				TEST_HOST = "$(BUILT_PRODUCTS_DIR)/StoryBoard101.app/StoryBoard101";
			};
			name = Debug;
		};
		440342F21AFA2E540071F18F /* Release */ = {
			isa = XCBuildConfiguration;
			buildSettings = {
				BUNDLE_LOADER = "$(TEST_HOST)";
				FRAMEWORK_SEARCH_PATHS = (
					"$(SDKROOT)/Developer/Library/Frameworks",
					"$(inherited)",
				);
				INFOPLIST_FILE = StoryBoard101Tests/Info.plist;
				LD_RUNPATH_SEARCH_PATHS = "$(inherited) @executable_path/Frameworks @loader_path/Frameworks";
				PRODUCT_NAME = "$(TARGET_NAME)";
				TEST_HOST = "$(BUILT_PRODUCTS_DIR)/StoryBoard101.app/StoryBoard101";
			};
			name = Release;
		};
/* End XCBuildConfiguration section */

/* Begin XCConfigurationList section */
		440342C51AFA2E540071F18F /* Build configuration list for PBXProject "StoryBoard101" */ = {
			isa = XCConfigurationList;
			buildConfigurations = (
				440342EB1AFA2E540071F18F /* Debug */,
				440342EC1AFA2E540071F18F /* Release */,
			);
			defaultConfigurationIsVisible = 0;
			defaultConfigurationName = Release;
		};
		440342ED1AFA2E540071F18F /* Build configuration list for PBXNativeTarget "StoryBoard101" */ = {
			isa = XCConfigurationList;
			buildConfigurations = (
				440342EE1AFA2E540071F18F /* Debug */,
				440342EF1AFA2E540071F18F /* Release */,
			);
			defaultConfigurationIsVisible = 0;
		};
		440342F01AFA2E540071F18F /* Build configuration list for PBXNativeTarget "StoryBoard101Tests" */ = {
			isa = XCConfigurationList;
			buildConfigurations = (
				440342F11AFA2E540071F18F /* Debug */,
				440342F21AFA2E540071F18F /* Release */,
			);
			defaultConfigurationIsVisible = 0;
		};
/* End XCConfigurationList section */
	};
	rootObject = 440342C21AFA2E540071F18F /* Project object */;
}
